
Microsoft Visual Studio Solution File, Format Version 12.00
# Visual Studio 15
VisualStudioVersion = 15.0.28010.2019
MinimumVisualStudioVersion = 10.0.40219.1
Project("{9A19103F-16F7-4668-BE54-9A1E7A4F7556}") = "Discord-Chan", "Discord-Chan\Discord-Chan.csproj", "{8D943F4D-CD50-4AC5-9282-1B13B29C138D}"
EndProject
Project("{9A19103F-16F7-4668-BE54-9A1E7A4F7556}") = "YoutubeExplode", "YoutubeExplode-master\YoutubeExplode\YoutubeExplode.csproj", "{899C0518-4346-4789-B494-C1387A58C2BA}"
EndProject
Global
	GlobalSection(SolutionConfigurationPlatforms) = preSolution
		Debug|Any CPU = Debug|Any CPU
		Release|Any CPU = Release|Any CPU
	EndGlobalSection
	GlobalSection(ProjectConfigurationPlatforms) = postSolution
		{8D943F4D-CD50-4AC5-9282-1B13B29C138D}.Debug|Any CPU.ActiveCfg = Debug|Any CPU
		{8D943F4D-CD50-4AC5-9282-1B13B29C138D}.Debug|Any CPU.Build.0 = Debug|Any CPU
		{8D943F4D-CD50-4AC5-9282-1B13B29C138D}.Release|Any CPU.ActiveCfg = Release|Any CPU
		{8D943F4D-CD50-4AC5-9282-1B13B29C138D}.Release|Any CPU.Build.0 = Release|Any CPU
		{899C0518-4346-4789-B494-C1387A58C2BA}.Debug|Any CPU.ActiveCfg = Debug|Any CPU
		{899C0518-4346-4789-B494-C1387A58C2BA}.Debug|Any CPU.Build.0 = Debug|Any CPU
		{899C0518-4346-4789-B494-C1387A58C2BA}.Release|Any CPU.ActiveCfg = Release|Any CPU
		{899C0518-4346-4789-B494-C1387A58C2BA}.Release|Any CPU.Build.0 = Release|Any CPU
	EndGlobalSection
	GlobalSection(SolutionProperties) = preSolution
		HideSolutionNode = FALSE
	EndGlobalSection
	GlobalSection(ExtensibilityGlobals) = postSolution
		SolutionGuid = {42DF5D5E-7401-4851-B89A-90D887A2A579}
	EndGlobalSection
EndGlobal
