
Microsoft Visual Studio Solution File, Format Version 12.00
# Visual Studio Version 16
VisualStudioVersion = 16.0.29001.49
MinimumVisualStudioVersion = 10.0.40219.1
Project("{9A19103F-16F7-4668-BE54-9A1E7A4F7556}") = "Sally", "Sally\Sally.csproj", "{F6A96FBF-522B-4E2D-A841-716380EF2B1D}"
	ProjectSection(ProjectDependencies) = postProject
		{90A5C2AE-DB8A-4515-B664-6E7645135ACE} = {90A5C2AE-DB8A-4515-B664-6E7645135ACE}
	EndProjectSection
EndProject
Project("{9A19103F-16F7-4668-BE54-9A1E7A4F7556}") = "Sally.NET", "Sally.NET\Sally.NET.csproj", "{90A5C2AE-DB8A-4515-B664-6E7645135ACE}"
EndProject
Project("{9A19103F-16F7-4668-BE54-9A1E7A4F7556}") = "Sally.NET.XUnit", "Sally.NET.XUnit\Sally.NET.XUnit.csproj", "{AFE34204-AB30-4D9E-A3BA-3732F1C1959D}"
EndProject
Global
	GlobalSection(SolutionConfigurationPlatforms) = preSolution
		Debug|Any CPU = Debug|Any CPU
		Debug|x64 = Debug|x64
		Debug|x86 = Debug|x86
		Release|Any CPU = Release|Any CPU
		Release|x64 = Release|x64
		Release|x86 = Release|x86
	EndGlobalSection
	GlobalSection(ProjectConfigurationPlatforms) = postSolution
		{F6A96FBF-522B-4E2D-A841-716380EF2B1D}.Debug|Any CPU.ActiveCfg = Debug|Any CPU
		{F6A96FBF-522B-4E2D-A841-716380EF2B1D}.Debug|Any CPU.Build.0 = Debug|Any CPU
		{F6A96FBF-522B-4E2D-A841-716380EF2B1D}.Debug|x64.ActiveCfg = Release|Any CPU
		{F6A96FBF-522B-4E2D-A841-716380EF2B1D}.Debug|x64.Build.0 = Release|Any CPU
		{F6A96FBF-522B-4E2D-A841-716380EF2B1D}.Debug|x86.ActiveCfg = Debug|Any CPU
		{F6A96FBF-522B-4E2D-A841-716380EF2B1D}.Debug|x86.Build.0 = Debug|Any CPU
		{F6A96FBF-522B-4E2D-A841-716380EF2B1D}.Release|Any CPU.ActiveCfg = Release|Any CPU
		{F6A96FBF-522B-4E2D-A841-716380EF2B1D}.Release|Any CPU.Build.0 = Release|Any CPU
		{F6A96FBF-522B-4E2D-A841-716380EF2B1D}.Release|x64.ActiveCfg = Release|Any CPU
		{F6A96FBF-522B-4E2D-A841-716380EF2B1D}.Release|x64.Build.0 = Release|Any CPU
		{F6A96FBF-522B-4E2D-A841-716380EF2B1D}.Release|x86.ActiveCfg = Release|Any CPU
		{F6A96FBF-522B-4E2D-A841-716380EF2B1D}.Release|x86.Build.0 = Release|Any CPU
		{90A5C2AE-DB8A-4515-B664-6E7645135ACE}.Debug|Any CPU.ActiveCfg = Debug|Any CPU
		{90A5C2AE-DB8A-4515-B664-6E7645135ACE}.Debug|Any CPU.Build.0 = Debug|Any CPU
		{90A5C2AE-DB8A-4515-B664-6E7645135ACE}.Debug|x64.ActiveCfg = Debug|Any CPU
		{90A5C2AE-DB8A-4515-B664-6E7645135ACE}.Debug|x64.Build.0 = Debug|Any CPU
		{90A5C2AE-DB8A-4515-B664-6E7645135ACE}.Debug|x86.ActiveCfg = Debug|Any CPU
		{90A5C2AE-DB8A-4515-B664-6E7645135ACE}.Debug|x86.Build.0 = Debug|Any CPU
		{90A5C2AE-DB8A-4515-B664-6E7645135ACE}.Release|Any CPU.ActiveCfg = Release|Any CPU
		{90A5C2AE-DB8A-4515-B664-6E7645135ACE}.Release|Any CPU.Build.0 = Release|Any CPU
		{90A5C2AE-DB8A-4515-B664-6E7645135ACE}.Release|x64.ActiveCfg = Release|Any CPU
		{90A5C2AE-DB8A-4515-B664-6E7645135ACE}.Release|x64.Build.0 = Release|Any CPU
		{90A5C2AE-DB8A-4515-B664-6E7645135ACE}.Release|x86.ActiveCfg = Release|Any CPU
		{90A5C2AE-DB8A-4515-B664-6E7645135ACE}.Release|x86.Build.0 = Release|Any CPU
		{AFE34204-AB30-4D9E-A3BA-3732F1C1959D}.Debug|Any CPU.ActiveCfg = Debug|Any CPU
		{AFE34204-AB30-4D9E-A3BA-3732F1C1959D}.Debug|Any CPU.Build.0 = Debug|Any CPU
		{AFE34204-AB30-4D9E-A3BA-3732F1C1959D}.Debug|x64.ActiveCfg = Debug|Any CPU
		{AFE34204-AB30-4D9E-A3BA-3732F1C1959D}.Debug|x64.Build.0 = Debug|Any CPU
		{AFE34204-AB30-4D9E-A3BA-3732F1C1959D}.Debug|x86.ActiveCfg = Debug|Any CPU
		{AFE34204-AB30-4D9E-A3BA-3732F1C1959D}.Debug|x86.Build.0 = Debug|Any CPU
		{AFE34204-AB30-4D9E-A3BA-3732F1C1959D}.Release|Any CPU.ActiveCfg = Release|Any CPU
		{AFE34204-AB30-4D9E-A3BA-3732F1C1959D}.Release|Any CPU.Build.0 = Release|Any CPU
		{AFE34204-AB30-4D9E-A3BA-3732F1C1959D}.Release|x64.ActiveCfg = Release|Any CPU
		{AFE34204-AB30-4D9E-A3BA-3732F1C1959D}.Release|x64.Build.0 = Release|Any CPU
		{AFE34204-AB30-4D9E-A3BA-3732F1C1959D}.Release|x86.ActiveCfg = Release|Any CPU
		{AFE34204-AB30-4D9E-A3BA-3732F1C1959D}.Release|x86.Build.0 = Release|Any CPU
	EndGlobalSection
	GlobalSection(SolutionProperties) = preSolution
		HideSolutionNode = FALSE
	EndGlobalSection
	GlobalSection(ExtensibilityGlobals) = postSolution
		SolutionGuid = {42DF5D5E-7401-4851-B89A-90D887A2A579}
	EndGlobalSection
EndGlobal
