
Microsoft Visual Studio Solution File, Format Version 12.00
# Visual Studio Version 16
VisualStudioVersion = 16.0.29001.49
MinimumVisualStudioVersion = 10.0.40219.1
Project("{9A19103F-16F7-4668-BE54-9A1E7A4F7556}") = "Sally.NET", "Discord-Chan\Sally.NET.csproj", "{8D943F4D-CD50-4AC5-9282-1B13B29C138D}"
EndProject
Project("{9A19103F-16F7-4668-BE54-9A1E7A4F7556}") = "YoutubeExplodeCore", "..\..\YoutubeExplodeCore\YoutubeExplodeCore.csproj", "{8B030858-0496-4B95-A166-BE1C9B8FED89}"
EndProject
Global
	GlobalSection(SolutionConfigurationPlatforms) = preSolution
		Debug|Any CPU = Debug|Any CPU
		Debug|x64 = Debug|x64
		Debug|x86 = Debug|x86
		Release|Any CPU = Release|Any CPU
		Release|x64 = Release|x64
		Release|x86 = Release|x86
	EndGlobalSection
	GlobalSection(ProjectConfigurationPlatforms) = postSolution
		{8D943F4D-CD50-4AC5-9282-1B13B29C138D}.Debug|Any CPU.ActiveCfg = Debug|Any CPU
		{8D943F4D-CD50-4AC5-9282-1B13B29C138D}.Debug|Any CPU.Build.0 = Debug|Any CPU
		{8D943F4D-CD50-4AC5-9282-1B13B29C138D}.Debug|x64.ActiveCfg = Debug|Any CPU
		{8D943F4D-CD50-4AC5-9282-1B13B29C138D}.Debug|x64.Build.0 = Debug|Any CPU
		{8D943F4D-CD50-4AC5-9282-1B13B29C138D}.Debug|x86.ActiveCfg = Debug|Any CPU
		{8D943F4D-CD50-4AC5-9282-1B13B29C138D}.Debug|x86.Build.0 = Debug|Any CPU
		{8D943F4D-CD50-4AC5-9282-1B13B29C138D}.Release|Any CPU.ActiveCfg = Release|Any CPU
		{8D943F4D-CD50-4AC5-9282-1B13B29C138D}.Release|Any CPU.Build.0 = Release|Any CPU
		{8D943F4D-CD50-4AC5-9282-1B13B29C138D}.Release|x64.ActiveCfg = Release|Any CPU
		{8D943F4D-CD50-4AC5-9282-1B13B29C138D}.Release|x64.Build.0 = Release|Any CPU
		{8D943F4D-CD50-4AC5-9282-1B13B29C138D}.Release|x86.ActiveCfg = Release|Any CPU
		{8D943F4D-CD50-4AC5-9282-1B13B29C138D}.Release|x86.Build.0 = Release|Any CPU
		{8B030858-0496-4B95-A166-BE1C9B8FED89}.Debug|Any CPU.ActiveCfg = Debug|Any CPU
		{8B030858-0496-4B95-A166-BE1C9B8FED89}.Debug|Any CPU.Build.0 = Debug|Any CPU
		{8B030858-0496-4B95-A166-BE1C9B8FED89}.Debug|x64.ActiveCfg = Debug|Any CPU
		{8B030858-0496-4B95-A166-BE1C9B8FED89}.Debug|x64.Build.0 = Debug|Any CPU
		{8B030858-0496-4B95-A166-BE1C9B8FED89}.Debug|x86.ActiveCfg = Debug|Any CPU
		{8B030858-0496-4B95-A166-BE1C9B8FED89}.Debug|x86.Build.0 = Debug|Any CPU
		{8B030858-0496-4B95-A166-BE1C9B8FED89}.Release|Any CPU.ActiveCfg = Release|Any CPU
		{8B030858-0496-4B95-A166-BE1C9B8FED89}.Release|Any CPU.Build.0 = Release|Any CPU
		{8B030858-0496-4B95-A166-BE1C9B8FED89}.Release|x64.ActiveCfg = Release|Any CPU
		{8B030858-0496-4B95-A166-BE1C9B8FED89}.Release|x64.Build.0 = Release|Any CPU
		{8B030858-0496-4B95-A166-BE1C9B8FED89}.Release|x86.ActiveCfg = Release|Any CPU
		{8B030858-0496-4B95-A166-BE1C9B8FED89}.Release|x86.Build.0 = Release|Any CPU
	EndGlobalSection
	GlobalSection(SolutionProperties) = preSolution
		HideSolutionNode = FALSE
	EndGlobalSection
	GlobalSection(ExtensibilityGlobals) = postSolution
		SolutionGuid = {42DF5D5E-7401-4851-B89A-90D887A2A579}
	EndGlobalSection
EndGlobal
